
Microsoft Visual Studio Solution File, Format Version 12.00
# Visual Studio Version 17
VisualStudioVersion = 17.4.33110.190
MinimumVisualStudioVersion = 10.0.40219.1
Project("{FAE04EC0-301F-11D3-BF4B-00C04F79EFBC}") = "tpmod5_1302210123", "tpmod5_1302210123\tpmod5_1302210123.csproj", "{C7FDEB61-CA44-4CD2-A035-D861B298B213}"
EndProject
Global
	GlobalSection(SolutionConfigurationPlatforms) = preSolution
		Debug|Any CPU = Debug|Any CPU
		Release|Any CPU = Release|Any CPU
	EndGlobalSection
	GlobalSection(ProjectConfigurationPlatforms) = postSolution
		{C7FDEB61-CA44-4CD2-A035-D861B298B213}.Debug|Any CPU.ActiveCfg = Debug|Any CPU
		{C7FDEB61-CA44-4CD2-A035-D861B298B213}.Debug|Any CPU.Build.0 = Debug|Any CPU
		{C7FDEB61-CA44-4CD2-A035-D861B298B213}.Release|Any CPU.ActiveCfg = Release|Any CPU
		{C7FDEB61-CA44-4CD2-A035-D861B298B213}.Release|Any CPU.Build.0 = Release|Any CPU
	EndGlobalSection
	GlobalSection(SolutionProperties) = preSolution
		HideSolutionNode = FALSE
	EndGlobalSection
	GlobalSection(ExtensibilityGlobals) = postSolution
		SolutionGuid = {B37355CE-F89E-4642-BB24-6F92D0140DF6}
	EndGlobalSection
EndGlobal
